{
  "originHash" : "e6a1df62a83a9eca5a860e3066c57e2c259d9e0a0d3f51d100e149172318b40a",
  "pins" : [
    {
      "identity" : "apple.swift-http-types",
      "kind" : "registry",
      "location" : "",
      "state" : {
        "version" : "1.6.0"
      }
    },
    {
      "identity" : "apple.swift-openapi-runtime",
      "kind" : "registry",
      "location" : "",
      "state" : {
        "version" : "1.12.0"
      }
    },
  ],
  "version" : 3
}
